
Microsoft Visual Studio Solution File, Format Version 12.00
# Visual Studio Version 17
VisualStudioVersion = 17.7.34024.191
MinimumVisualStudioVersion = 10.0.40219.1
Project("{FAE04EC0-301F-11D3-BF4B-00C04F79EFBC}") = "AS2324_5G_INF_AngeliniAlex_WebAPIrec", "AS2324_5G_INF_AngeliniAlex_WebAPIrec.csproj", "{473CF4BD-6309-4C3B-8D2E-841A8A1FE3A5}"
EndProject
Global
	GlobalSection(SolutionConfigurationPlatforms) = preSolution
		Debug|Any CPU = Debug|Any CPU
		Release|Any CPU = Release|Any CPU
	EndGlobalSection
	GlobalSection(ProjectConfigurationPlatforms) = postSolution
		{473CF4BD-6309-4C3B-8D2E-841A8A1FE3A5}.Debug|Any CPU.ActiveCfg = Debug|Any CPU
		{473CF4BD-6309-4C3B-8D2E-841A8A1FE3A5}.Debug|Any CPU.Build.0 = Debug|Any CPU
		{473CF4BD-6309-4C3B-8D2E-841A8A1FE3A5}.Release|Any CPU.ActiveCfg = Release|Any CPU
		{473CF4BD-6309-4C3B-8D2E-841A8A1FE3A5}.Release|Any CPU.Build.0 = Release|Any CPU
	EndGlobalSection
	GlobalSection(SolutionProperties) = preSolution
		HideSolutionNode = FALSE
	EndGlobalSection
	GlobalSection(ExtensibilityGlobals) = postSolution
		SolutionGuid = {78B1CDED-AF20-47BE-8124-CBA666C625EA}
	EndGlobalSection
EndGlobal
